// !$*UTF8*$!
{
	archiveVersion = 1;
	classes = {
	};
	objectVersion = 46;
	objects = {

/* Begin PBXBuildFile section */
		DB3E81921B5204CE00401392 /* main.m in Sources */ = {isa = PBXBuildFile; fileRef = DB3E81911B5204CE00401392 /* main.m */; };
		DB3E81951B5204CE00401392 /* AppDelegate.m in Sources */ = {isa = PBXBuildFile; fileRef = DB3E81941B5204CE00401392 /* AppDelegate.m */; };
		DB3E81981B5204CE00401392 /* HomeViewController.m in Sources */ = {isa = PBXBuildFile; fileRef = DB3E81971B5204CE00401392 /* HomeViewController.m */; };
		DB3E819B1B5204CE00401392 /* Main.storyboard in Resources */ = {isa = PBXBuildFile; fileRef = DB3E81991B5204CE00401392 /* Main.storyboard */; };
		DB3E819D1B5204CE00401392 /* Images.xcassets in Resources */ = {isa = PBXBuildFile; fileRef = DB3E819C1B5204CE00401392 /* Images.xcassets */; };
		DB3E81A01B5204CE00401392 /* LaunchScreen.xib in Resources */ = {isa = PBXBuildFile; fileRef = DB3E819E1B5204CE00401392 /* LaunchScreen.xib */; };
		DB3E81AC1B5204CE00401392 /* HolidayDestinationsTests.m in Sources */ = {isa = PBXBuildFile; fileRef = DB3E81AB1B5204CE00401392 /* HolidayDestinationsTests.m */; };
		DB3E81B71B5211FC00401392 /* HolidayViewController.m in Sources */ = {isa = PBXBuildFile; fileRef = DB3E81B61B5211FC00401392 /* HolidayViewController.m */; };
		DB3E81BA1B52253700401392 /* BookingViewController.m in Sources */ = {isa = PBXBuildFile; fileRef = DB3E81B91B52253700401392 /* BookingViewController.m */; };
/* End PBXBuildFile section */

/* Begin PBXContainerItemProxy section */
		DB3E81A61B5204CE00401392 /* PBXContainerItemProxy */ = {
			isa = PBXContainerItemProxy;
			containerPortal = DB3E81841B5204CE00401392 /* Project object */;
			proxyType = 1;
			remoteGlobalIDString = DB3E818B1B5204CE00401392;
			remoteInfo = HolidayDestinations;
		};
/* End PBXContainerItemProxy section */

/* Begin PBXFileReference section */
		DB3E818C1B5204CE00401392 /* HolidayDestinations.app */ = {isa = PBXFileReference; explicitFileType = wrapper.application; includeInIndex = 0; path = HolidayDestinations.app; sourceTree = BUILT_PRODUCTS_DIR; };
		DB3E81901B5204CE00401392 /* Info.plist */ = {isa = PBXFileReference; lastKnownFileType = text.plist.xml; path = Info.plist; sourceTree = "<group>"; };
		DB3E81911B5204CE00401392 /* main.m */ = {isa = PBXFileReference; lastKnownFileType = sourcecode.c.objc; path = main.m; sourceTree = "<group>"; };
		DB3E81931B5204CE00401392 /* AppDelegate.h */ = {isa = PBXFileReference; lastKnownFileType = sourcecode.c.h; path = AppDelegate.h; sourceTree = "<group>"; };
		DB3E81941B5204CE00401392 /* AppDelegate.m */ = {isa = PBXFileReference; lastKnownFileType = sourcecode.c.objc; path = AppDelegate.m; sourceTree = "<group>"; };
		DB3E81961B5204CE00401392 /* HomeViewController.h */ = {isa = PBXFileReference; lastKnownFileType = sourcecode.c.h; path = HomeViewController.h; sourceTree = "<group>"; };
		DB3E81971B5204CE00401392 /* HomeViewController.m */ = {isa = PBXFileReference; lastKnownFileType = sourcecode.c.objc; path = HomeViewController.m; sourceTree = "<group>"; };
		DB3E819A1B5204CE00401392 /* Base */ = {isa = PBXFileReference; lastKnownFileType = file.storyboard; name = Base; path = Base.lproj/Main.storyboard; sourceTree = "<group>"; };
		DB3E819C1B5204CE00401392 /* Images.xcassets */ = {isa = PBXFileReference; lastKnownFileType = folder.assetcatalog; path = Images.xcassets; sourceTree = "<group>"; };
		DB3E819F1B5204CE00401392 /* Base */ = {isa = PBXFileReference; lastKnownFileType = file.xib; name = Base; path = Base.lproj/LaunchScreen.xib; sourceTree = "<group>"; };
		DB3E81A51B5204CE00401392 /* HolidayDestinationsTests.xctest */ = {isa = PBXFileReference; explicitFileType = wrapper.cfbundle; includeInIndex = 0; path = HolidayDestinationsTests.xctest; sourceTree = BUILT_PRODUCTS_DIR; };
		DB3E81AA1B5204CE00401392 /* Info.plist */ = {isa = PBXFileReference; lastKnownFileType = text.plist.xml; path = Info.plist; sourceTree = "<group>"; };
		DB3E81AB1B5204CE00401392 /* HolidayDestinationsTests.m */ = {isa = PBXFileReference; lastKnownFileType = sourcecode.c.objc; path = HolidayDestinationsTests.m; sourceTree = "<group>"; };
		DB3E81B51B5211FC00401392 /* HolidayViewController.h */ = {isa = PBXFileReference; fileEncoding = 4; lastKnownFileType = sourcecode.c.h; path = HolidayViewController.h; sourceTree = "<group>"; };
		DB3E81B61B5211FC00401392 /* HolidayViewController.m */ = {isa = PBXFileReference; fileEncoding = 4; lastKnownFileType = sourcecode.c.objc; path = HolidayViewController.m; sourceTree = "<group>"; };
		DB3E81B81B52253700401392 /* BookingViewController.h */ = {isa = PBXFileReference; fileEncoding = 4; lastKnownFileType = sourcecode.c.h; path = BookingViewController.h; sourceTree = "<group>"; };
		DB3E81B91B52253700401392 /* BookingViewController.m */ = {isa = PBXFileReference; fileEncoding = 4; lastKnownFileType = sourcecode.c.objc; path = BookingViewController.m; sourceTree = "<group>"; };
/* End PBXFileReference section */

/* Begin PBXFrameworksBuildPhase section */
		DB3E81891B5204CE00401392 /* Frameworks */ = {
			isa = PBXFrameworksBuildPhase;
			buildActionMask = 2147483647;
			files = (
			);
			runOnlyForDeploymentPostprocessing = 0;
		};
		DB3E81A21B5204CE00401392 /* Frameworks */ = {
			isa = PBXFrameworksBuildPhase;
			buildActionMask = 2147483647;
			files = (
			);
			runOnlyForDeploymentPostprocessing = 0;
		};
/* End PBXFrameworksBuildPhase section */

/* Begin PBXGroup section */
		DB3E81831B5204CE00401392 = {
			isa = PBXGroup;
			children = (
				DB3E818E1B5204CE00401392 /* HolidayDestinations */,
				DB3E81A81B5204CE00401392 /* HolidayDestinationsTests */,
				DB3E818D1B5204CE00401392 /* Products */,
			);
			sourceTree = "<group>";
		};
		DB3E818D1B5204CE00401392 /* Products */ = {
			isa = PBXGroup;
			children = (
				DB3E818C1B5204CE00401392 /* HolidayDestinations.app */,
				DB3E81A51B5204CE00401392 /* HolidayDestinationsTests.xctest */,
			);
			name = Products;
			sourceTree = "<group>";
		};
		DB3E818E1B5204CE00401392 /* HolidayDestinations */ = {
			isa = PBXGroup;
			children = (
				DB3E81931B5204CE00401392 /* AppDelegate.h */,
				DB3E81941B5204CE00401392 /* AppDelegate.m */,
				DB3E81961B5204CE00401392 /* HomeViewController.h */,
				DB3E81971B5204CE00401392 /* HomeViewController.m */,
				DB3E81991B5204CE00401392 /* Main.storyboard */,
				DB3E81B81B52253700401392 /* BookingViewController.h */,
				DB3E81B91B52253700401392 /* BookingViewController.m */,
				DB3E81B51B5211FC00401392 /* HolidayViewController.h */,
				DB3E81B61B5211FC00401392 /* HolidayViewController.m */,
				DB3E819C1B5204CE00401392 /* Images.xcassets */,
				DB3E819E1B5204CE00401392 /* LaunchScreen.xib */,
				DB3E818F1B5204CE00401392 /* Supporting Files */,
			);
			path = HolidayDestinations;
			sourceTree = "<group>";
		};
		DB3E818F1B5204CE00401392 /* Supporting Files */ = {
			isa = PBXGroup;
			children = (
				DB3E81901B5204CE00401392 /* Info.plist */,
				DB3E81911B5204CE00401392 /* main.m */,
			);
			name = "Supporting Files";
			sourceTree = "<group>";
		};
		DB3E81A81B5204CE00401392 /* HolidayDestinationsTests */ = {
			isa = PBXGroup;
			children = (
				DB3E81AB1B5204CE00401392 /* HolidayDestinationsTests.m */,
				DB3E81A91B5204CE00401392 /* Supporting Files */,
			);
			path = HolidayDestinationsTests;
			sourceTree = "<group>";
		};
		DB3E81A91B5204CE00401392 /* Supporting Files */ = {
			isa = PBXGroup;
			children = (
				DB3E81AA1B5204CE00401392 /* Info.plist */,
			);
			name = "Supporting Files";
			sourceTree = "<group>";
		};
/* End PBXGroup section */

/* Begin PBXNativeTarget section */
		DB3E818B1B5204CE00401392 /* HolidayDestinations */ = {
			isa = PBXNativeTarget;
			buildConfigurationList = DB3E81AF1B5204CE00401392 /* Build configuration list for PBXNativeTarget "HolidayDestinations" */;
			buildPhases = (
				DB3E81881B5204CE00401392 /* Sources */,
				DB3E81891B5204CE00401392 /* Frameworks */,
				DB3E818A1B5204CE00401392 /* Resources */,
			);
			buildRules = (
			);
			dependencies = (
			);
			name = HolidayDestinations;
			productName = HolidayDestinations;
			productReference = DB3E818C1B5204CE00401392 /* HolidayDestinations.app */;
			productType = "com.apple.product-type.application";
		};
		DB3E81A41B5204CE00401392 /* HolidayDestinationsTests */ = {
			isa = PBXNativeTarget;
			buildConfigurationList = DB3E81B21B5204CE00401392 /* Build configuration list for PBXNativeTarget "HolidayDestinationsTests" */;
			buildPhases = (
				DB3E81A11B5204CE00401392 /* Sources */,
				DB3E81A21B5204CE00401392 /* Frameworks */,
				DB3E81A31B5204CE00401392 /* Resources */,
			);
			buildRules = (
			);
			dependencies = (
				DB3E81A71B5204CE00401392 /* PBXTargetDependency */,
			);
			name = HolidayDestinationsTests;
			productName = HolidayDestinationsTests;
			productReference = DB3E81A51B5204CE00401392 /* HolidayDestinationsTests.xctest */;
			productType = "com.apple.product-type.bundle.unit-test";
		};
/* End PBXNativeTarget section */

/* Begin PBXProject section */
		DB3E81841B5204CE00401392 /* Project object */ = {
			isa = PBXProject;
			attributes = {
				LastUpgradeCheck = 0640;
				ORGANIZATIONNAME = iKompass;
				TargetAttributes = {
					DB3E818B1B5204CE00401392 = {
						CreatedOnToolsVersion = 6.4;
					};
					DB3E81A41B5204CE00401392 = {
						CreatedOnToolsVersion = 6.4;
						TestTargetID = DB3E818B1B5204CE00401392;
					};
				};
			};
			buildConfigurationList = DB3E81871B5204CE00401392 /* Build configuration list for PBXProject "HolidayDestinations" */;
			compatibilityVersion = "Xcode 3.2";
			developmentRegion = English;
			hasScannedForEncodings = 0;
			knownRegions = (
				en,
				Base,
			);
			mainGroup = DB3E81831B5204CE00401392;
			productRefGroup = DB3E818D1B5204CE00401392 /* Products */;
			projectDirPath = "";
			projectRoot = "";
			targets = (
				DB3E818B1B5204CE00401392 /* HolidayDestinations */,
				DB3E81A41B5204CE00401392 /* HolidayDestinationsTests */,
			);
		};
/* End PBXProject section */

/* Begin PBXResourcesBuildPhase section */
		DB3E818A1B5204CE00401392 /* Resources */ = {
			isa = PBXResourcesBuildPhase;
			buildActionMask = 2147483647;
			files = (
				DB3E819B1B5204CE00401392 /* Main.storyboard in Resources */,
				DB3E81A01B5204CE00401392 /* LaunchScreen.xib in Resources */,
				DB3E819D1B5204CE00401392 /* Images.xcassets in Resources */,
			);
			runOnlyForDeploymentPostprocessing = 0;
		};
		DB3E81A31B5204CE00401392 /* Resources */ = {
			isa = PBXResourcesBuildPhase;
			buildActionMask = 2147483647;
			files = (
			);
			runOnlyForDeploymentPostprocessing = 0;
		};
/* End PBXResourcesBuildPhase section */

/* Begin PBXSourcesBuildPhase section */
		DB3E81881B5204CE00401392 /* Sources */ = {
			isa = PBXSourcesBuildPhase;
			buildActionMask = 2147483647;
			files = (
				DB3E81981B5204CE00401392 /* HomeViewController.m in Sources */,
				DB3E81951B5204CE00401392 /* AppDelegate.m in Sources */,
				DB3E81921B5204CE00401392 /* main.m in Sources */,
				DB3E81BA1B52253700401392 /* BookingViewController.m in Sources */,
				DB3E81B71B5211FC00401392 /* HolidayViewController.m in Sources */,
			);
			runOnlyForDeploymentPostprocessing = 0;
		};
		DB3E81A11B5204CE00401392 /* Sources */ = {
			isa = PBXSourcesBuildPhase;
			buildActionMask = 2147483647;
			files = (
				DB3E81AC1B5204CE00401392 /* HolidayDestinationsTests.m in Sources */,
			);
			runOnlyForDeploymentPostprocessing = 0;
		};
/* End PBXSourcesBuildPhase section */

/* Begin PBXTargetDependency section */
		DB3E81A71B5204CE00401392 /* PBXTargetDependency */ = {
			isa = PBXTargetDependency;
			target = DB3E818B1B5204CE00401392 /* HolidayDestinations */;
			targetProxy = DB3E81A61B5204CE00401392 /* PBXContainerItemProxy */;
		};
/* End PBXTargetDependency section */

/* Begin PBXVariantGroup section */
		DB3E81991B5204CE00401392 /* Main.storyboard */ = {
			isa = PBXVariantGroup;
			children = (
				DB3E819A1B5204CE00401392 /* Base */,
			);
			name = Main.storyboard;
			sourceTree = "<group>";
		};
		DB3E819E1B5204CE00401392 /* LaunchScreen.xib */ = {
			isa = PBXVariantGroup;
			children = (
				DB3E819F1B5204CE00401392 /* Base */,
			);
			name = LaunchScreen.xib;
			sourceTree = "<group>";
		};
/* End PBXVariantGroup section */

/* Begin XCBuildConfiguration section */
		DB3E81AD1B5204CE00401392 /* Debug */ = {
			isa = XCBuildConfiguration;
			buildSettings = {
				ALWAYS_SEARCH_USER_PATHS = NO;
				CLANG_CXX_LANGUAGE_STANDARD = "gnu++0x";
				CLANG_CXX_LIBRARY = "libc++";
				CLANG_ENABLE_MODULES = YES;
				CLANG_ENABLE_OBJC_ARC = YES;
				CLANG_WARN_BOOL_CONVERSION = YES;
				CLANG_WARN_CONSTANT_CONVERSION = YES;
				CLANG_WARN_DIRECT_OBJC_ISA_USAGE = YES_ERROR;
				CLANG_WARN_EMPTY_BODY = YES;
				CLANG_WARN_ENUM_CONVERSION = YES;
				CLANG_WARN_INT_CONVERSION = YES;
				CLANG_WARN_OBJC_ROOT_CLASS = YES_ERROR;
				CLANG_WARN_UNREACHABLE_CODE = YES;
				CLANG_WARN__DUPLICATE_METHOD_MATCH = YES;
				"CODE_SIGN_IDENTITY[sdk=iphoneos*]" = "iPhone Developer";
				COPY_PHASE_STRIP = NO;
				DEBUG_INFORMATION_FORMAT = "dwarf-with-dsym";
				ENABLE_STRICT_OBJC_MSGSEND = YES;
				GCC_C_LANGUAGE_STANDARD = gnu99;
				GCC_DYNAMIC_NO_PIC = NO;
				GCC_NO_COMMON_BLOCKS = YES;
				GCC_OPTIMIZATION_LEVEL = 0;
				GCC_PREPROCESSOR_DEFINITIONS = (
					"DEBUG=1",
					"$(inherited)",
				);
				GCC_SYMBOLS_PRIVATE_EXTERN = NO;
				GCC_WARN_64_TO_32_BIT_CONVERSION = YES;
				GCC_WARN_ABOUT_RETURN_TYPE = YES_ERROR;
				GCC_WARN_UNDECLARED_SELECTOR = YES;
				GCC_WARN_UNINITIALIZED_AUTOS = YES_AGGRESSIVE;
				GCC_WARN_UNUSED_FUNCTION = YES;
				GCC_WARN_UNUSED_VARIABLE = YES;
				IPHONEOS_DEPLOYMENT_TARGET = 8.4;
				MTL_ENABLE_DEBUG_INFO = YES;
				ONLY_ACTIVE_ARCH = YES;
				SDKROOT = iphoneos;
			};
			name = Debug;
		};
		DB3E81AE1B5204CE00401392 /* Release */ = {
			isa = XCBuildConfiguration;
			buildSettings = {
				ALWAYS_SEARCH_USER_PATHS = NO;
				CLANG_CXX_LANGUAGE_STANDARD = "gnu++0x";
				CLANG_CXX_LIBRARY = "libc++";
				CLANG_ENABLE_MODULES = YES;
				CLANG_ENABLE_OBJC_ARC = YES;
				CLANG_WARN_BOOL_CONVERSION = YES;
				CLANG_WARN_CONSTANT_CONVERSION = YES;
				CLANG_WARN_DIRECT_OBJC_ISA_USAGE = YES_ERROR;
				CLANG_WARN_EMPTY_BODY = YES;
				CLANG_WARN_ENUM_CONVERSION = YES;
				CLANG_WARN_INT_CONVERSION = YES;
				CLANG_WARN_OBJC_ROOT_CLASS = YES_ERROR;
				CLANG_WARN_UNREACHABLE_CODE = YES;
				CLANG_WARN__DUPLICATE_METHOD_MATCH = YES;
				"CODE_SIGN_IDENTITY[sdk=iphoneos*]" = "iPhone Developer";
				COPY_PHASE_STRIP = NO;
				DEBUG_INFORMATION_FORMAT = "dwarf-with-dsym";
				ENABLE_NS_ASSERTIONS = NO;
				ENABLE_STRICT_OBJC_MSGSEND = YES;
				GCC_C_LANGUAGE_STANDARD = gnu99;
				GCC_NO_COMMON_BLOCKS = YES;
				GCC_WARN_64_TO_32_BIT_CONVERSION = YES;
				GCC_WARN_ABOUT_RETURN_TYPE = YES_ERROR;
				GCC_WARN_UNDECLARED_SELECTOR = YES;
				GCC_WARN_UNINITIALIZED_AUTOS = YES_AGGRESSIVE;
				GCC_WARN_UNUSED_FUNCTION = YES;
				GCC_WARN_UNUSED_VARIABLE = YES;
				IPHONEOS_DEPLOYMENT_TARGET = 8.4;
				MTL_ENABLE_DEBUG_INFO = NO;
				SDKROOT = iphoneos;
				VALIDATE_PRODUCT = YES;
			};
			name = Release;
		};
		DB3E81B01B5204CE00401392 /* Debug */ = {
			isa = XCBuildConfiguration;
			buildSettings = {
				ASSETCATALOG_COMPILER_APPICON_NAME = AppIcon;
				INFOPLIST_FILE = HolidayDestinations/Info.plist;
				LD_RUNPATH_SEARCH_PATHS = "$(inherited) @executable_path/Frameworks";
				PRODUCT_NAME = "$(TARGET_NAME)";
			};
			name = Debug;
		};
		DB3E81B11B5204CE00401392 /* Release */ = {
			isa = XCBuildConfiguration;
			buildSettings = {
				ASSETCATALOG_COMPILER_APPICON_NAME = AppIcon;
				INFOPLIST_FILE = HolidayDestinations/Info.plist;
				LD_RUNPATH_SEARCH_PATHS = "$(inherited) @executable_path/Frameworks";
				PRODUCT_NAME = "$(TARGET_NAME)";
			};
			name = Release;
		};
		DB3E81B31B5204CE00401392 /* Debug */ = {
			isa = XCBuildConfiguration;
			buildSettings = {
				BUNDLE_LOADER = "$(TEST_HOST)";
				FRAMEWORK_SEARCH_PATHS = (
					"$(SDKROOT)/Developer/Library/Frameworks",
					"$(inherited)",
				);
				GCC_PREPROCESSOR_DEFINITIONS = (
					"DEBUG=1",
					"$(inherited)",
				);
				INFOPLIST_FILE = HolidayDestinationsTests/Info.plist;
				LD_RUNPATH_SEARCH_PATHS = "$(inherited) @executable_path/Frameworks @loader_path/Frameworks";
				PRODUCT_NAME = "$(TARGET_NAME)";
				TEST_HOST = "$(BUILT_PRODUCTS_DIR)/HolidayDestinations.app/HolidayDestinations";
			};
			name = Debug;
		};
		DB3E81B41B5204CE00401392 /* Release */ = {
			isa = XCBuildConfiguration;
			buildSettings = {
				BUNDLE_LOADER = "$(TEST_HOST)";
				FRAMEWORK_SEARCH_PATHS = (
					"$(SDKROOT)/Developer/Library/Frameworks",
					"$(inherited)",
				);
				INFOPLIST_FILE = HolidayDestinationsTests/Info.plist;
				LD_RUNPATH_SEARCH_PATHS = "$(inherited) @executable_path/Frameworks @loader_path/Frameworks";
				PRODUCT_NAME = "$(TARGET_NAME)";
				TEST_HOST = "$(BUILT_PRODUCTS_DIR)/HolidayDestinations.app/HolidayDestinations";
			};
			name = Release;
		};
/* End XCBuildConfiguration section */

/* Begin XCConfigurationList section */
		DB3E81871B5204CE00401392 /* Build configuration list for PBXProject "HolidayDestinations" */ = {
			isa = XCConfigurationList;
			buildConfigurations = (
				DB3E81AD1B5204CE00401392 /* Debug */,
				DB3E81AE1B5204CE00401392 /* Release */,
			);
			defaultConfigurationIsVisible = 0;
			defaultConfigurationName = Release;
		};
		DB3E81AF1B5204CE00401392 /* Build configuration list for PBXNativeTarget "HolidayDestinations" */ = {
			isa = XCConfigurationList;
			buildConfigurations = (
				DB3E81B01B5204CE00401392 /* Debug */,
				DB3E81B11B5204CE00401392 /* Release */,
			);
			defaultConfigurationIsVisible = 0;
		};
		DB3E81B21B5204CE00401392 /* Build configuration list for PBXNativeTarget "HolidayDestinationsTests" */ = {
			isa = XCConfigurationList;
			buildConfigurations = (
				DB3E81B31B5204CE00401392 /* Debug */,
				DB3E81B41B5204CE00401392 /* Release */,
			);
			defaultConfigurationIsVisible = 0;
		};
/* End XCConfigurationList section */
	};
	rootObject = DB3E81841B5204CE00401392 /* Project object */;
}
